// !$*UTF8*$!
{
	archiveVersion = 1;
	classes = {
	};
	objectVersion = 48;
	objects = {

/* Begin PBXBuildFile section */
		B62EEFA5201874DB005A9733 /* Queue.swift in Sources */ = {isa = PBXBuildFile; fileRef = B62EEFA4201874DB005A9733 /* Queue.swift */; };
		B63C4C39207DDB120015FC45 /* Delegated.swift in Sources */ = {isa = PBXBuildFile; fileRef = B63C4C38207DDB120015FC45 /* Delegated.swift */; };
		B63C4C3B207DE15E0015FC45 /* DelegatedViewController.swift in Sources */ = {isa = PBXBuildFile; fileRef = B63C4C3A207DE15E0015FC45 /* DelegatedViewController.swift */; };
		B63C4C3D207DE6550015FC45 /* DelegatedViewModel.swift in Sources */ = {isa = PBXBuildFile; fileRef = B63C4C3C207DE6550015FC45 /* DelegatedViewModel.swift */; };
		B64AC5B320731E340025E9F5 /* NetworkingViewController.swift in Sources */ = {isa = PBXBuildFile; fileRef = B64AC5B220731E340025E9F5 /* NetworkingViewController.swift */; };
		B656DC22201830AF008B0C13 /* CodableEnums.swift in Sources */ = {isa = PBXBuildFile; fileRef = B656DC21201830AF008B0C13 /* CodableEnums.swift */; };
		B678A1C9207B558100DBC5B3 /* Person.swift in Sources */ = {isa = PBXBuildFile; fileRef = B678A1C8207B558100DBC5B3 /* Person.swift */; };
		B67CF1222017180E00E16C2D /* NotificationViewController.swift in Sources */ = {isa = PBXBuildFile; fileRef = B67CF1212017180E00E16C2D /* NotificationViewController.swift */; };
		B67CF12420171B9600E16C2D /* BaseViewController.swift in Sources */ = {isa = PBXBuildFile; fileRef = B67CF12320171B9600E16C2D /* BaseViewController.swift */; };
		B67F86AB20872F1F00ED7795 /* Repeater.swift in Sources */ = {isa = PBXBuildFile; fileRef = B67F86AA20872F1F00ED7795 /* Repeater.swift */; };
		B6808C852017138A00F66A9D /* AppDelegate.swift in Sources */ = {isa = PBXBuildFile; fileRef = B6808C842017138A00F66A9D /* AppDelegate.swift */; };
		B6808C872017138A00F66A9D /* ViewController.swift in Sources */ = {isa = PBXBuildFile; fileRef = B6808C862017138A00F66A9D /* ViewController.swift */; };
		B6808C8A2017138A00F66A9D /* Main.storyboard in Resources */ = {isa = PBXBuildFile; fileRef = B6808C882017138A00F66A9D /* Main.storyboard */; };
		B6808C8C2017138A00F66A9D /* Assets.xcassets in Resources */ = {isa = PBXBuildFile; fileRef = B6808C8B2017138A00F66A9D /* Assets.xcassets */; };
		B6808C8F2017138A00F66A9D /* LaunchScreen.storyboard in Resources */ = {isa = PBXBuildFile; fileRef = B6808C8D2017138A00F66A9D /* LaunchScreen.storyboard */; };
		B6808C98201716FA00F66A9D /* NotificationToken.swift in Sources */ = {isa = PBXBuildFile; fileRef = B6808C97201716FA00F66A9D /* NotificationToken.swift */; };
		B6A4F5FD207B3BDC002E9431 /* TextViewController.swift in Sources */ = {isa = PBXBuildFile; fileRef = B6A4F5FC207B3BDC002E9431 /* TextViewController.swift */; };
		B6D0A4E3208D774D00BF4D90 /* Alamofire.swift in Sources */ = {isa = PBXBuildFile; fileRef = B6D0A4E2208D774D00BF4D90 /* Alamofire.swift */; };
		B6D0A4E6208D785300BF4D90 /* AFError.swift in Sources */ = {isa = PBXBuildFile; fileRef = B6D0A4E5208D785300BF4D90 /* AFError.swift */; };
		B6D0A4E8208D7B6100BF4D90 /* Request.swift in Sources */ = {isa = PBXBuildFile; fileRef = B6D0A4E7208D7B6100BF4D90 /* Request.swift */; };
		B6D0A4EA208D7C9300BF4D90 /* ParameterEncoding.swift in Sources */ = {isa = PBXBuildFile; fileRef = B6D0A4E9208D7C9300BF4D90 /* ParameterEncoding.swift */; };
		B6EF9EFA207CAD7A00C50FB4 /* LJNetworking.swift in Sources */ = {isa = PBXBuildFile; fileRef = B6EF9EF9207CAD7A00C50FB4 /* LJNetworking.swift */; };
/* End PBXBuildFile section */

/* Begin PBXFileReference section */
		B62EEFA4201874DB005A9733 /* Queue.swift */ = {isa = PBXFileReference; lastKnownFileType = sourcecode.swift; path = Queue.swift; sourceTree = "<group>"; };
		B63C4C38207DDB120015FC45 /* Delegated.swift */ = {isa = PBXFileReference; lastKnownFileType = sourcecode.swift; path = Delegated.swift; sourceTree = "<group>"; };
		B63C4C3A207DE15E0015FC45 /* DelegatedViewController.swift */ = {isa = PBXFileReference; lastKnownFileType = sourcecode.swift; path = DelegatedViewController.swift; sourceTree = "<group>"; };
		B63C4C3C207DE6550015FC45 /* DelegatedViewModel.swift */ = {isa = PBXFileReference; lastKnownFileType = sourcecode.swift; path = DelegatedViewModel.swift; sourceTree = "<group>"; };
		B64AC5B220731E340025E9F5 /* NetworkingViewController.swift */ = {isa = PBXFileReference; lastKnownFileType = sourcecode.swift; path = NetworkingViewController.swift; sourceTree = "<group>"; };
		B656DC21201830AF008B0C13 /* CodableEnums.swift */ = {isa = PBXFileReference; lastKnownFileType = sourcecode.swift; path = CodableEnums.swift; sourceTree = "<group>"; };
		B678A1C8207B558100DBC5B3 /* Person.swift */ = {isa = PBXFileReference; lastKnownFileType = sourcecode.swift; path = Person.swift; sourceTree = "<group>"; };
		B67CF1212017180E00E16C2D /* NotificationViewController.swift */ = {isa = PBXFileReference; lastKnownFileType = sourcecode.swift; path = NotificationViewController.swift; sourceTree = "<group>"; };
		B67CF12320171B9600E16C2D /* BaseViewController.swift */ = {isa = PBXFileReference; lastKnownFileType = sourcecode.swift; path = BaseViewController.swift; sourceTree = "<group>"; };
		B67F86AA20872F1F00ED7795 /* Repeater.swift */ = {isa = PBXFileReference; lastKnownFileType = sourcecode.swift; path = Repeater.swift; sourceTree = "<group>"; };
		B6808C812017138A00F66A9D /* SwiftThink.app */ = {isa = PBXFileReference; explicitFileType = wrapper.application; includeInIndex = 0; path = SwiftThink.app; sourceTree = BUILT_PRODUCTS_DIR; };
		B6808C842017138A00F66A9D /* AppDelegate.swift */ = {isa = PBXFileReference; lastKnownFileType = sourcecode.swift; path = AppDelegate.swift; sourceTree = "<group>"; };
		B6808C862017138A00F66A9D /* ViewController.swift */ = {isa = PBXFileReference; lastKnownFileType = sourcecode.swift; path = ViewController.swift; sourceTree = "<group>"; };
		B6808C892017138A00F66A9D /* Base */ = {isa = PBXFileReference; lastKnownFileType = file.storyboard; name = Base; path = Base.lproj/Main.storyboard; sourceTree = "<group>"; };
		B6808C8B2017138A00F66A9D /* Assets.xcassets */ = {isa = PBXFileReference; lastKnownFileType = folder.assetcatalog; path = Assets.xcassets; sourceTree = "<group>"; };
		B6808C8E2017138A00F66A9D /* Base */ = {isa = PBXFileReference; lastKnownFileType = file.storyboard; name = Base; path = Base.lproj/LaunchScreen.storyboard; sourceTree = "<group>"; };
		B6808C902017138A00F66A9D /* Info.plist */ = {isa = PBXFileReference; lastKnownFileType = text.plist.xml; path = Info.plist; sourceTree = "<group>"; };
		B6808C97201716FA00F66A9D /* NotificationToken.swift */ = {isa = PBXFileReference; lastKnownFileType = sourcecode.swift; path = NotificationToken.swift; sourceTree = "<group>"; };
		B6A4F5FC207B3BDC002E9431 /* TextViewController.swift */ = {isa = PBXFileReference; lastKnownFileType = sourcecode.swift; path = TextViewController.swift; sourceTree = "<group>"; };
		B6D0A4E2208D774D00BF4D90 /* Alamofire.swift */ = {isa = PBXFileReference; lastKnownFileType = sourcecode.swift; path = Alamofire.swift; sourceTree = "<group>"; };
		B6D0A4E5208D785300BF4D90 /* AFError.swift */ = {isa = PBXFileReference; lastKnownFileType = sourcecode.swift; path = AFError.swift; sourceTree = "<group>"; };
		B6D0A4E7208D7B6100BF4D90 /* Request.swift */ = {isa = PBXFileReference; lastKnownFileType = sourcecode.swift; path = Request.swift; sourceTree = "<group>"; };
		B6D0A4E9208D7C9300BF4D90 /* ParameterEncoding.swift */ = {isa = PBXFileReference; lastKnownFileType = sourcecode.swift; path = ParameterEncoding.swift; sourceTree = "<group>"; };
		B6EF9EF9207CAD7A00C50FB4 /* LJNetworking.swift */ = {isa = PBXFileReference; lastKnownFileType = sourcecode.swift; path = LJNetworking.swift; sourceTree = "<group>"; };
/* End PBXFileReference section */

/* Begin PBXFrameworksBuildPhase section */
		B6808C7E2017138A00F66A9D /* Frameworks */ = {
			isa = PBXFrameworksBuildPhase;
			buildActionMask = 2147483647;
			files = (
			);
			runOnlyForDeploymentPostprocessing = 0;
		};
/* End PBXFrameworksBuildPhase section */

/* Begin PBXGroup section */
		B62EEFA6201874DF005A9733 /* Queue */ = {
			isa = PBXGroup;
			children = (
				B62EEFA4201874DB005A9733 /* Queue.swift */,
			);
			path = Queue;
			sourceTree = "<group>";
		};
		B63C4C37207DDAEC0015FC45 /* Delegate */ = {
			isa = PBXGroup;
			children = (
				B63C4C38207DDB120015FC45 /* Delegated.swift */,
				B63C4C3A207DE15E0015FC45 /* DelegatedViewController.swift */,
				B63C4C3C207DE6550015FC45 /* DelegatedViewModel.swift */,
			);
			path = Delegate;
			sourceTree = "<group>";
		};
		B648902820453544000AEB1F /* Codable enum */ = {
			isa = PBXGroup;
			children = (
				B656DC21201830AF008B0C13 /* CodableEnums.swift */,
			);
			path = "Codable enum";
			sourceTree = "<group>";
		};
		B64AC5B120731E100025E9F5 /* Networking */ = {
			isa = PBXGroup;
			children = (
				B64AC5B420731F5E0025E9F5 /* Model */,
				B64AC5B220731E340025E9F5 /* NetworkingViewController.swift */,
				B6EF9EF9207CAD7A00C50FB4 /* LJNetworking.swift */,
			);
			path = Networking;
			sourceTree = "<group>";
		};
		B64AC5B420731F5E0025E9F5 /* Model */ = {
			isa = PBXGroup;
			children = (
				B678A1C8207B558100DBC5B3 /* Person.swift */,
			);
			path = Model;
			sourceTree = "<group>";
		};
		B656DC2020183085008B0C13 /* Codable */ = {
			isa = PBXGroup;
			children = (
				B648902820453544000AEB1F /* Codable enum */,
			);
			path = Codable;
			sourceTree = "<group>";
		};
		B67F86A920872F0900ED7795 /* Repeat */ = {
			isa = PBXGroup;
			children = (
				B67F86AA20872F1F00ED7795 /* Repeater.swift */,
			);
			path = Repeat;
			sourceTree = "<group>";
		};
		B6808C782017138A00F66A9D = {
			isa = PBXGroup;
			children = (
				B6808C832017138A00F66A9D /* SwiftThink */,
				B6808C822017138A00F66A9D /* Products */,
			);
			sourceTree = "<group>";
		};
		B6808C822017138A00F66A9D /* Products */ = {
			isa = PBXGroup;
			children = (
				B6808C812017138A00F66A9D /* SwiftThink.app */,
			);
			name = Products;
			sourceTree = "<group>";
		};
		B6808C832017138A00F66A9D /* SwiftThink */ = {
			isa = PBXGroup;
			children = (
				B6D0A4E0208D76EE00BF4D90 /* AlamofireLearn */,
				B67F86A920872F0900ED7795 /* Repeat */,
				B63C4C37207DDAEC0015FC45 /* Delegate */,
				B6A4F5FB207B3BC0002E9431 /* UI */,
				B64AC5B120731E100025E9F5 /* Networking */,
				B62EEFA6201874DF005A9733 /* Queue */,
				B656DC2020183085008B0C13 /* Codable */,
				B6808C962017157300F66A9D /* wrapNotification */,
				B6808C842017138A00F66A9D /* AppDelegate.swift */,
				B67CF12320171B9600E16C2D /* BaseViewController.swift */,
				B6808C862017138A00F66A9D /* ViewController.swift */,
				B6808C882017138A00F66A9D /* Main.storyboard */,
				B6808C8B2017138A00F66A9D /* Assets.xcassets */,
				B6808C8D2017138A00F66A9D /* LaunchScreen.storyboard */,
				B6808C902017138A00F66A9D /* Info.plist */,
			);
			path = SwiftThink;
			sourceTree = "<group>";
		};
		B6808C962017157300F66A9D /* wrapNotification */ = {
			isa = PBXGroup;
			children = (
				B6808C97201716FA00F66A9D /* NotificationToken.swift */,
				B67CF1212017180E00E16C2D /* NotificationViewController.swift */,
			);
			path = wrapNotification;
			sourceTree = "<group>";
		};
		B6A4F5FB207B3BC0002E9431 /* UI */ = {
			isa = PBXGroup;
			children = (
				B6A4F5FC207B3BDC002E9431 /* TextViewController.swift */,
			);
			path = UI;
			sourceTree = "<group>";
		};
		B6D0A4E0208D76EE00BF4D90 /* AlamofireLearn */ = {
			isa = PBXGroup;
			children = (
				B6D0A4E1208D773900BF4D90 /* Source */,
			);
			path = AlamofireLearn;
			sourceTree = "<group>";
		};
		B6D0A4E1208D773900BF4D90 /* Source */ = {
			isa = PBXGroup;
			children = (
				B6D0A4E2208D774D00BF4D90 /* Alamofire.swift */,
				B6D0A4E4208D783F00BF4D90 /* Core */,
			);
			path = Source;
			sourceTree = "<group>";
		};
		B6D0A4E4208D783F00BF4D90 /* Core */ = {
			isa = PBXGroup;
			children = (
				B6D0A4E5208D785300BF4D90 /* AFError.swift */,
				B6D0A4E7208D7B6100BF4D90 /* Request.swift */,
				B6D0A4E9208D7C9300BF4D90 /* ParameterEncoding.swift */,
			);
			path = Core;
			sourceTree = "<group>";
		};
/* End PBXGroup section */

/* Begin PBXNativeTarget section */
		B6808C802017138A00F66A9D /* SwiftThink */ = {
			isa = PBXNativeTarget;
			buildConfigurationList = B6808C932017138A00F66A9D /* Build configuration list for PBXNativeTarget "SwiftThink" */;
			buildPhases = (
				B6808C7D2017138A00F66A9D /* Sources */,
				B6808C7E2017138A00F66A9D /* Frameworks */,
				B6808C7F2017138A00F66A9D /* Resources */,
				B6C48E45203D08D1004AA985 /* ShellScript */,
			);
			buildRules = (
			);
			dependencies = (
			);
			name = SwiftThink;
			productName = SwiftThink;
			productReference = B6808C812017138A00F66A9D /* SwiftThink.app */;
			productType = "com.apple.product-type.application";
		};
/* End PBXNativeTarget section */

/* Begin PBXProject section */
		B6808C792017138A00F66A9D /* Project object */ = {
			isa = PBXProject;
			attributes = {
				LastSwiftUpdateCheck = 0920;
				LastUpgradeCheck = 0920;
				ORGANIZATIONNAME = leoli;
				TargetAttributes = {
					B6808C802017138A00F66A9D = {
						CreatedOnToolsVersion = 9.2;
						ProvisioningStyle = Automatic;
					};
				};
			};
			buildConfigurationList = B6808C7C2017138A00F66A9D /* Build configuration list for PBXProject "SwiftThink" */;
			compatibilityVersion = "Xcode 8.0";
			developmentRegion = en;
			hasScannedForEncodings = 0;
			knownRegions = (
				en,
				Base,
			);
			mainGroup = B6808C782017138A00F66A9D;
			productRefGroup = B6808C822017138A00F66A9D /* Products */;
			projectDirPath = "";
			projectRoot = "";
			targets = (
				B6808C802017138A00F66A9D /* SwiftThink */,
			);
		};
/* End PBXProject section */

/* Begin PBXResourcesBuildPhase section */
		B6808C7F2017138A00F66A9D /* Resources */ = {
			isa = PBXResourcesBuildPhase;
			buildActionMask = 2147483647;
			files = (
				B6808C8F2017138A00F66A9D /* LaunchScreen.storyboard in Resources */,
				B6808C8C2017138A00F66A9D /* Assets.xcassets in Resources */,
				B6808C8A2017138A00F66A9D /* Main.storyboard in Resources */,
			);
			runOnlyForDeploymentPostprocessing = 0;
		};
/* End PBXResourcesBuildPhase section */

/* Begin PBXShellScriptBuildPhase section */
		B6C48E45203D08D1004AA985 /* ShellScript */ = {
			isa = PBXShellScriptBuildPhase;
			buildActionMask = 2147483647;
			files = (
			);
			inputPaths = (
			);
			outputPaths = (
			);
			runOnlyForDeploymentPostprocessing = 0;
			shellPath = /bin/sh;
			shellScript = "TAGS=\"TODO:|FIXME:|WARNING:\"\nERRORTAG=\"ERROR:\"\nfind \"${SRCROOT}\" \\( -name \"*.h\" -or -name \"*.m\" -or -name \"*.swift\" \\) -print0 | xargs -0 egrep --with-filename --line-number --only-matching \"($TAGS).*\\$|($ERRORTAG).*\\$\" | perl -p -e \"s/($TAGS)/ warning: \\$1/\"| perl -p -e \"s/($ERRORTAG)/ error: \\$1/\"";
		};
/* End PBXShellScriptBuildPhase section */

/* Begin PBXSourcesBuildPhase section */
		B6808C7D2017138A00F66A9D /* Sources */ = {
			isa = PBXSourcesBuildPhase;
			buildActionMask = 2147483647;
			files = (
				B6EF9EFA207CAD7A00C50FB4 /* LJNetworking.swift in Sources */,
				B678A1C9207B558100DBC5B3 /* Person.swift in Sources */,
				B6D0A4E6208D785300BF4D90 /* AFError.swift in Sources */,
				B64AC5B320731E340025E9F5 /* NetworkingViewController.swift in Sources */,
				B67CF12420171B9600E16C2D /* BaseViewController.swift in Sources */,
				B62EEFA5201874DB005A9733 /* Queue.swift in Sources */,
				B63C4C3B207DE15E0015FC45 /* DelegatedViewController.swift in Sources */,
				B6D0A4E8208D7B6100BF4D90 /* Request.swift in Sources */,
				B656DC22201830AF008B0C13 /* CodableEnums.swift in Sources */,
				B6808C98201716FA00F66A9D /* NotificationToken.swift in Sources */,
				B6A4F5FD207B3BDC002E9431 /* TextViewController.swift in Sources */,
				B6808C872017138A00F66A9D /* ViewController.swift in Sources */,
				B6D0A4E3208D774D00BF4D90 /* Alamofire.swift in Sources */,
				B63C4C39207DDB120015FC45 /* Delegated.swift in Sources */,
				B6D0A4EA208D7C9300BF4D90 /* ParameterEncoding.swift in Sources */,
				B67CF1222017180E00E16C2D /* NotificationViewController.swift in Sources */,
				B63C4C3D207DE6550015FC45 /* DelegatedViewModel.swift in Sources */,
				B67F86AB20872F1F00ED7795 /* Repeater.swift in Sources */,
				B6808C852017138A00F66A9D /* AppDelegate.swift in Sources */,
			);
			runOnlyForDeploymentPostprocessing = 0;
		};
/* End PBXSourcesBuildPhase section */

/* Begin PBXVariantGroup section */
		B6808C882017138A00F66A9D /* Main.storyboard */ = {
			isa = PBXVariantGroup;
			children = (
				B6808C892017138A00F66A9D /* Base */,
			);
			name = Main.storyboard;
			sourceTree = "<group>";
		};
		B6808C8D2017138A00F66A9D /* LaunchScreen.storyboard */ = {
			isa = PBXVariantGroup;
			children = (
				B6808C8E2017138A00F66A9D /* Base */,
			);
			name = LaunchScreen.storyboard;
			sourceTree = "<group>";
		};
/* End PBXVariantGroup section */

/* Begin XCBuildConfiguration section */
		B6808C912017138A00F66A9D /* Debug */ = {
			isa = XCBuildConfiguration;
			buildSettings = {
				ALWAYS_SEARCH_USER_PATHS = NO;
				CLANG_ANALYZER_NONNULL = YES;
				CLANG_ANALYZER_NUMBER_OBJECT_CONVERSION = YES_AGGRESSIVE;
				CLANG_CXX_LANGUAGE_STANDARD = "gnu++14";
				CLANG_CXX_LIBRARY = "libc++";
				CLANG_ENABLE_MODULES = YES;
				CLANG_ENABLE_OBJC_ARC = YES;
				CLANG_WARN_BLOCK_CAPTURE_AUTORELEASING = YES;
				CLANG_WARN_BOOL_CONVERSION = YES;
				CLANG_WARN_COMMA = YES;
				CLANG_WARN_CONSTANT_CONVERSION = YES;
				CLANG_WARN_DIRECT_OBJC_ISA_USAGE = YES_ERROR;
				CLANG_WARN_DOCUMENTATION_COMMENTS = YES;
				CLANG_WARN_EMPTY_BODY = YES;
				CLANG_WARN_ENUM_CONVERSION = YES;
				CLANG_WARN_INFINITE_RECURSION = YES;
				CLANG_WARN_INT_CONVERSION = YES;
				CLANG_WARN_NON_LITERAL_NULL_CONVERSION = YES;
				CLANG_WARN_OBJC_LITERAL_CONVERSION = YES;
				CLANG_WARN_OBJC_ROOT_CLASS = YES_ERROR;
				CLANG_WARN_RANGE_LOOP_ANALYSIS = YES;
				CLANG_WARN_STRICT_PROTOTYPES = YES;
				CLANG_WARN_SUSPICIOUS_MOVE = YES;
				CLANG_WARN_UNGUARDED_AVAILABILITY = YES_AGGRESSIVE;
				CLANG_WARN_UNREACHABLE_CODE = YES;
				CLANG_WARN__DUPLICATE_METHOD_MATCH = YES;
				CODE_SIGN_IDENTITY = "iPhone Developer";
				COPY_PHASE_STRIP = NO;
				DEBUG_INFORMATION_FORMAT = dwarf;
				ENABLE_STRICT_OBJC_MSGSEND = YES;
				ENABLE_TESTABILITY = YES;
				GCC_C_LANGUAGE_STANDARD = gnu11;
				GCC_DYNAMIC_NO_PIC = NO;
				GCC_NO_COMMON_BLOCKS = YES;
				GCC_OPTIMIZATION_LEVEL = 0;
				GCC_PREPROCESSOR_DEFINITIONS = (
					"DEBUG=1",
					"$(inherited)",
				);
				GCC_WARN_64_TO_32_BIT_CONVERSION = YES;
				GCC_WARN_ABOUT_RETURN_TYPE = YES_ERROR;
				GCC_WARN_UNDECLARED_SELECTOR = YES;
				GCC_WARN_UNINITIALIZED_AUTOS = YES_AGGRESSIVE;
				GCC_WARN_UNUSED_FUNCTION = YES;
				GCC_WARN_UNUSED_VARIABLE = YES;
				IPHONEOS_DEPLOYMENT_TARGET = 11.2;
				MTL_ENABLE_DEBUG_INFO = YES;
				ONLY_ACTIVE_ARCH = YES;
				SDKROOT = iphoneos;
				SWIFT_ACTIVE_COMPILATION_CONDITIONS = DEBUG;
				SWIFT_OPTIMIZATION_LEVEL = "-Onone";
			};
			name = Debug;
		};
		B6808C922017138A00F66A9D /* Release */ = {
			isa = XCBuildConfiguration;
			buildSettings = {
				ALWAYS_SEARCH_USER_PATHS = NO;
				CLANG_ANALYZER_NONNULL = YES;
				CLANG_ANALYZER_NUMBER_OBJECT_CONVERSION = YES_AGGRESSIVE;
				CLANG_CXX_LANGUAGE_STANDARD = "gnu++14";
				CLANG_CXX_LIBRARY = "libc++";
				CLANG_ENABLE_MODULES = YES;
				CLANG_ENABLE_OBJC_ARC = YES;
				CLANG_WARN_BLOCK_CAPTURE_AUTORELEASING = YES;
				CLANG_WARN_BOOL_CONVERSION = YES;
				CLANG_WARN_COMMA = YES;
				CLANG_WARN_CONSTANT_CONVERSION = YES;
				CLANG_WARN_DIRECT_OBJC_ISA_USAGE = YES_ERROR;
				CLANG_WARN_DOCUMENTATION_COMMENTS = YES;
				CLANG_WARN_EMPTY_BODY = YES;
				CLANG_WARN_ENUM_CONVERSION = YES;
				CLANG_WARN_INFINITE_RECURSION = YES;
				CLANG_WARN_INT_CONVERSION = YES;
				CLANG_WARN_NON_LITERAL_NULL_CONVERSION = YES;
				CLANG_WARN_OBJC_LITERAL_CONVERSION = YES;
				CLANG_WARN_OBJC_ROOT_CLASS = YES_ERROR;
				CLANG_WARN_RANGE_LOOP_ANALYSIS = YES;
				CLANG_WARN_STRICT_PROTOTYPES = YES;
				CLANG_WARN_SUSPICIOUS_MOVE = YES;
				CLANG_WARN_UNGUARDED_AVAILABILITY = YES_AGGRESSIVE;
				CLANG_WARN_UNREACHABLE_CODE = YES;
				CLANG_WARN__DUPLICATE_METHOD_MATCH = YES;
				CODE_SIGN_IDENTITY = "iPhone Developer";
				COPY_PHASE_STRIP = NO;
				DEBUG_INFORMATION_FORMAT = "dwarf-with-dsym";
				ENABLE_NS_ASSERTIONS = NO;
				ENABLE_STRICT_OBJC_MSGSEND = YES;
				GCC_C_LANGUAGE_STANDARD = gnu11;
				GCC_NO_COMMON_BLOCKS = YES;
				GCC_WARN_64_TO_32_BIT_CONVERSION = YES;
				GCC_WARN_ABOUT_RETURN_TYPE = YES_ERROR;
				GCC_WARN_UNDECLARED_SELECTOR = YES;
				GCC_WARN_UNINITIALIZED_AUTOS = YES_AGGRESSIVE;
				GCC_WARN_UNUSED_FUNCTION = YES;
				GCC_WARN_UNUSED_VARIABLE = YES;
				IPHONEOS_DEPLOYMENT_TARGET = 11.2;
				MTL_ENABLE_DEBUG_INFO = NO;
				SDKROOT = iphoneos;
				SWIFT_OPTIMIZATION_LEVEL = "-Owholemodule";
				VALIDATE_PRODUCT = YES;
			};
			name = Release;
		};
		B6808C942017138A00F66A9D /* Debug */ = {
			isa = XCBuildConfiguration;
			buildSettings = {
				ASSETCATALOG_COMPILER_APPICON_NAME = AppIcon;
				CODE_SIGN_STYLE = Automatic;
				INFOPLIST_FILE = SwiftThink/Info.plist;
				LD_RUNPATH_SEARCH_PATHS = "$(inherited) @executable_path/Frameworks";
				PRODUCT_BUNDLE_IDENTIFIER = com.leoli.SwiftThink;
				PRODUCT_NAME = "$(TARGET_NAME)";
				SWIFT_VERSION = 4.0;
				TARGETED_DEVICE_FAMILY = "1,2";
			};
			name = Debug;
		};
		B6808C952017138A00F66A9D /* Release */ = {
			isa = XCBuildConfiguration;
			buildSettings = {
				ASSETCATALOG_COMPILER_APPICON_NAME = AppIcon;
				CODE_SIGN_STYLE = Automatic;
				INFOPLIST_FILE = SwiftThink/Info.plist;
				LD_RUNPATH_SEARCH_PATHS = "$(inherited) @executable_path/Frameworks";
				PRODUCT_BUNDLE_IDENTIFIER = com.leoli.SwiftThink;
				PRODUCT_NAME = "$(TARGET_NAME)";
				SWIFT_VERSION = 4.0;
				TARGETED_DEVICE_FAMILY = "1,2";
			};
			name = Release;
		};
/* End XCBuildConfiguration section */

/* Begin XCConfigurationList section */
		B6808C7C2017138A00F66A9D /* Build configuration list for PBXProject "SwiftThink" */ = {
			isa = XCConfigurationList;
			buildConfigurations = (
				B6808C912017138A00F66A9D /* Debug */,
				B6808C922017138A00F66A9D /* Release */,
			);
			defaultConfigurationIsVisible = 0;
			defaultConfigurationName = Release;
		};
		B6808C932017138A00F66A9D /* Build configuration list for PBXNativeTarget "SwiftThink" */ = {
			isa = XCConfigurationList;
			buildConfigurations = (
				B6808C942017138A00F66A9D /* Debug */,
				B6808C952017138A00F66A9D /* Release */,
			);
			defaultConfigurationIsVisible = 0;
			defaultConfigurationName = Release;
		};
/* End XCConfigurationList section */
	};
	rootObject = B6808C792017138A00F66A9D /* Project object */;
}
